
Microsoft Visual Studio Solution File, Format Version 12.00
# Visual Studio Version 16
VisualStudioVersion = 16.0.32510.428
MinimumVisualStudioVersion = 10.0.40219.1
Project("{FAE04EC0-301F-11D3-BF4B-00C04F79EFBC}") = "CheckListBoxTest", "CheckListBoxTest.csproj", "{1962F3C2-A26A-4102-A73E-4023B6BB60AA}"
EndProject
Global
	GlobalSection(SolutionConfigurationPlatforms) = preSolution
		Debug|Any CPU = Debug|Any CPU
		Release|Any CPU = Release|Any CPU
	EndGlobalSection
	GlobalSection(ProjectConfigurationPlatforms) = postSolution
		{1962F3C2-A26A-4102-A73E-4023B6BB60AA}.Debug|Any CPU.ActiveCfg = Debug|Any CPU
		{1962F3C2-A26A-4102-A73E-4023B6BB60AA}.Debug|Any CPU.Build.0 = Debug|Any CPU
		{1962F3C2-A26A-4102-A73E-4023B6BB60AA}.Release|Any CPU.ActiveCfg = Release|Any CPU
		{1962F3C2-A26A-4102-A73E-4023B6BB60AA}.Release|Any CPU.Build.0 = Release|Any CPU
	EndGlobalSection
	GlobalSection(SolutionProperties) = preSolution
		HideSolutionNode = FALSE
	EndGlobalSection
	GlobalSection(ExtensibilityGlobals) = postSolution
		SolutionGuid = {4F64426E-5A66-4A6F-A69A-1D1DE841F8C4}
	EndGlobalSection
EndGlobal
